// !$*UTF8*$!
{
	archiveVersion = 1;
	classes = {
	};
	objectVersion = 55;
	objects = {

/* Begin PBXBuildFile section */
		481A52D92697827F0031008A /* FoodApp.swift in Sources */ = {isa = PBXBuildFile; fileRef = 481A52D82697827F0031008A /* FoodApp.swift */; };
		481A52DB2697827F0031008A /* ContentView.swift in Sources */ = {isa = PBXBuildFile; fileRef = 481A52DA2697827F0031008A /* ContentView.swift */; };
		481A52DD269782810031008A /* Assets.xcassets in Resources */ = {isa = PBXBuildFile; fileRef = 481A52DC269782810031008A /* Assets.xcassets */; };
		481A52E0269782810031008A /* Preview Assets.xcassets in Resources */ = {isa = PBXBuildFile; fileRef = 481A52DF269782810031008A /* Preview Assets.xcassets */; };
		481A52EE269795FC0031008A /* WelcomeView.swift in Sources */ = {isa = PBXBuildFile; fileRef = 481A52ED269795FC0031008A /* WelcomeView.swift */; };
		481A52F0269796290031008A /* FoodListView.swift in Sources */ = {isa = PBXBuildFile; fileRef = 481A52EF269796290031008A /* FoodListView.swift */; };
		481A52F2269796310031008A /* FoodListItemView.swift in Sources */ = {isa = PBXBuildFile; fileRef = 481A52F1269796310031008A /* FoodListItemView.swift */; };
		481A52F6269796A00031008A /* SettingsView.swift in Sources */ = {isa = PBXBuildFile; fileRef = 481A52F5269796A00031008A /* SettingsView.swift */; };
		481A52F92697974E0031008A /* Settings.swift in Sources */ = {isa = PBXBuildFile; fileRef = 481A52F82697974E0031008A /* Settings.swift */; };
		481A52FD2697979F0031008A /* FoodItem.swift in Sources */ = {isa = PBXBuildFile; fileRef = 481A52FC2697979F0031008A /* FoodItem.swift */; };
		481A5300269799B90031008A /* PurposePageView.swift in Sources */ = {isa = PBXBuildFile; fileRef = 481A52FF269799B90031008A /* PurposePageView.swift */; };
		481A530426979ED10031008A /* Locales.swift in Sources */ = {isa = PBXBuildFile; fileRef = 481A530326979ED10031008A /* Locales.swift */; };
		481A530A269AA07E0031008A /* Localized.swift in Sources */ = {isa = PBXBuildFile; fileRef = 481A5309269AA07E0031008A /* Localized.swift */; };
		481A5316269AB3140031008A /* Localizable.strings in Resources */ = {isa = PBXBuildFile; fileRef = 481A5314269AB3140031008A /* Localizable.strings */; };
		48E25335269B819300236221 /* LocalizedStrings.swift in Sources */ = {isa = PBXBuildFile; fileRef = 48E25334269B819300236221 /* LocalizedStrings.swift */; };
		48E25338269B81B800236221 /* SettingsView+Localization.swift in Sources */ = {isa = PBXBuildFile; fileRef = 48E25337269B81B800236221 /* SettingsView+Localization.swift */; };
		48E2533A269B81D000236221 /* WelcomeView+Localization.swift in Sources */ = {isa = PBXBuildFile; fileRef = 48E25339269B81D000236221 /* WelcomeView+Localization.swift */; };
		48E2533C269B81D900236221 /* App+Localization.swift in Sources */ = {isa = PBXBuildFile; fileRef = 48E2533B269B81D900236221 /* App+Localization.swift */; };
		48E2533F269B8E0100236221 /* String+LocalizedStringKey.swift in Sources */ = {isa = PBXBuildFile; fileRef = 48E2533E269B8E0100236221 /* String+LocalizedStringKey.swift */; };
		48E25356269BB66E00236221 /* FoodItem+Localization.swift in Sources */ = {isa = PBXBuildFile; fileRef = 48E25355269BB66E00236221 /* FoodItem+Localization.swift */; };
		48E25359269BB7BF00236221 /* Localizable.stringsdict in Resources */ = {isa = PBXBuildFile; fileRef = 48E2535B269BB7BF00236221 /* Localizable.stringsdict */; };
		48E25377269BC8D200236221 /* FoodAppTests.swift in Sources */ = {isa = PBXBuildFile; fileRef = 48E25376269BC8D200236221 /* FoodAppTests.swift */; };
/* End PBXBuildFile section */

/* Begin PBXContainerItemProxy section */
		48E25378269BC8D200236221 /* PBXContainerItemProxy */ = {
			isa = PBXContainerItemProxy;
			containerPortal = 481A52CD2697827F0031008A /* Project object */;
			proxyType = 1;
			remoteGlobalIDString = 481A52D42697827F0031008A;
			remoteInfo = FoodApp;
		};
/* End PBXContainerItemProxy section */

/* Begin PBXFileReference section */
		481A52D52697827F0031008A /* FoodApp.app */ = {isa = PBXFileReference; explicitFileType = wrapper.application; includeInIndex = 0; path = FoodApp.app; sourceTree = BUILT_PRODUCTS_DIR; };
		481A52D82697827F0031008A /* FoodApp.swift */ = {isa = PBXFileReference; lastKnownFileType = sourcecode.swift; path = FoodApp.swift; sourceTree = "<group>"; };
		481A52DA2697827F0031008A /* ContentView.swift */ = {isa = PBXFileReference; lastKnownFileType = sourcecode.swift; path = ContentView.swift; sourceTree = "<group>"; };
		481A52DC269782810031008A /* Assets.xcassets */ = {isa = PBXFileReference; lastKnownFileType = folder.assetcatalog; path = Assets.xcassets; sourceTree = "<group>"; };
		481A52DF269782810031008A /* Preview Assets.xcassets */ = {isa = PBXFileReference; lastKnownFileType = folder.assetcatalog; path = "Preview Assets.xcassets"; sourceTree = "<group>"; };
		481A52E62697854D0031008A /* Info.plist */ = {isa = PBXFileReference; lastKnownFileType = text.plist.xml; path = Info.plist; sourceTree = "<group>"; };
		481A52ED269795FC0031008A /* WelcomeView.swift */ = {isa = PBXFileReference; lastKnownFileType = sourcecode.swift; path = WelcomeView.swift; sourceTree = "<group>"; };
		481A52EF269796290031008A /* FoodListView.swift */ = {isa = PBXFileReference; lastKnownFileType = sourcecode.swift; path = FoodListView.swift; sourceTree = "<group>"; };
		481A52F1269796310031008A /* FoodListItemView.swift */ = {isa = PBXFileReference; lastKnownFileType = sourcecode.swift; path = FoodListItemView.swift; sourceTree = "<group>"; };
		481A52F5269796A00031008A /* SettingsView.swift */ = {isa = PBXFileReference; lastKnownFileType = sourcecode.swift; path = SettingsView.swift; sourceTree = "<group>"; };
		481A52F82697974E0031008A /* Settings.swift */ = {isa = PBXFileReference; lastKnownFileType = sourcecode.swift; path = Settings.swift; sourceTree = "<group>"; };
		481A52FC2697979F0031008A /* FoodItem.swift */ = {isa = PBXFileReference; lastKnownFileType = sourcecode.swift; path = FoodItem.swift; sourceTree = "<group>"; };
		481A52FF269799B90031008A /* PurposePageView.swift */ = {isa = PBXFileReference; lastKnownFileType = sourcecode.swift; path = PurposePageView.swift; sourceTree = "<group>"; };
		481A530326979ED10031008A /* Locales.swift */ = {isa = PBXFileReference; lastKnownFileType = sourcecode.swift; path = Locales.swift; sourceTree = "<group>"; };
		481A5309269AA07E0031008A /* Localized.swift */ = {isa = PBXFileReference; lastKnownFileType = sourcecode.swift; path = Localized.swift; sourceTree = "<group>"; };
		481A5315269AB3140031008A /* es */ = {isa = PBXFileReference; lastKnownFileType = text.plist.strings; name = es; path = es.lproj/Localizable.strings; sourceTree = "<group>"; };
		481A5317269AB3330031008A /* ar */ = {isa = PBXFileReference; lastKnownFileType = text.plist.strings; name = ar; path = ar.lproj/Localizable.strings; sourceTree = "<group>"; };
		481A5319269AB3C50031008A /* en */ = {isa = PBXFileReference; lastKnownFileType = text.plist.strings; name = en; path = en.lproj/Localizable.strings; sourceTree = "<group>"; };
		48E25334269B819300236221 /* LocalizedStrings.swift */ = {isa = PBXFileReference; lastKnownFileType = sourcecode.swift; path = LocalizedStrings.swift; sourceTree = "<group>"; };
		48E25337269B81B800236221 /* SettingsView+Localization.swift */ = {isa = PBXFileReference; lastKnownFileType = sourcecode.swift; path = "SettingsView+Localization.swift"; sourceTree = "<group>"; };
		48E25339269B81D000236221 /* WelcomeView+Localization.swift */ = {isa = PBXFileReference; lastKnownFileType = sourcecode.swift; path = "WelcomeView+Localization.swift"; sourceTree = "<group>"; };
		48E2533B269B81D900236221 /* App+Localization.swift */ = {isa = PBXFileReference; lastKnownFileType = sourcecode.swift; path = "App+Localization.swift"; sourceTree = "<group>"; };
		48E2533E269B8E0100236221 /* String+LocalizedStringKey.swift */ = {isa = PBXFileReference; lastKnownFileType = sourcecode.swift; path = "String+LocalizedStringKey.swift"; sourceTree = "<group>"; };
		48E25355269BB66E00236221 /* FoodItem+Localization.swift */ = {isa = PBXFileReference; lastKnownFileType = sourcecode.swift; path = "FoodItem+Localization.swift"; sourceTree = "<group>"; };
		48E2535A269BB7BF00236221 /* en */ = {isa = PBXFileReference; lastKnownFileType = text.plist.stringsdict; name = en; path = en.lproj/Localizable.stringsdict; sourceTree = "<group>"; };
		48E2535C269BB7C300236221 /* ar */ = {isa = PBXFileReference; lastKnownFileType = text.plist.stringsdict; name = ar; path = ar.lproj/Localizable.stringsdict; sourceTree = "<group>"; };
		48E2535D269BB7C400236221 /* es */ = {isa = PBXFileReference; lastKnownFileType = text.plist.stringsdict; name = es; path = es.lproj/Localizable.stringsdict; sourceTree = "<group>"; };
		48E25374269BC8D200236221 /* FoodAppTests.xctest */ = {isa = PBXFileReference; explicitFileType = wrapper.cfbundle; includeInIndex = 0; path = FoodAppTests.xctest; sourceTree = BUILT_PRODUCTS_DIR; };
		48E25376269BC8D200236221 /* FoodAppTests.swift */ = {isa = PBXFileReference; lastKnownFileType = sourcecode.swift; path = FoodAppTests.swift; sourceTree = "<group>"; };
		48E2537D269BC93C00236221 /* TestPlan.xctestplan */ = {isa = PBXFileReference; lastKnownFileType = text; path = TestPlan.xctestplan; sourceTree = "<group>"; };
/* End PBXFileReference section */

/* Begin PBXFrameworksBuildPhase section */
		481A52D22697827F0031008A /* Frameworks */ = {
			isa = PBXFrameworksBuildPhase;
			buildActionMask = 2147483647;
			files = (
			);
			runOnlyForDeploymentPostprocessing = 0;
		};
		48E25371269BC8D200236221 /* Frameworks */ = {
			isa = PBXFrameworksBuildPhase;
			buildActionMask = 2147483647;
			files = (
			);
			runOnlyForDeploymentPostprocessing = 0;
		};
/* End PBXFrameworksBuildPhase section */

/* Begin PBXGroup section */
		481A52CC2697827F0031008A = {
			isa = PBXGroup;
			children = (
				481A52D72697827F0031008A /* FoodApp */,
				48E25375269BC8D200236221 /* FoodAppTests */,
				481A52D62697827F0031008A /* Products */,
			);
			sourceTree = "<group>";
		};
		481A52D62697827F0031008A /* Products */ = {
			isa = PBXGroup;
			children = (
				481A52D52697827F0031008A /* FoodApp.app */,
				48E25374269BC8D200236221 /* FoodAppTests.xctest */,
			);
			name = Products;
			sourceTree = "<group>";
		};
		481A52D72697827F0031008A /* FoodApp */ = {
			isa = PBXGroup;
			children = (
				481A52E62697854D0031008A /* Info.plist */,
				481A52FA2697977D0031008A /* Common */,
				481A52EC269793D70031008A /* Localization */,
				481A52EB269793D00031008A /* Settings */,
				481A52E9269793BC0031008A /* FoodList */,
				481A52E8269793AA0031008A /* Welcome */,
				481A52D82697827F0031008A /* FoodApp.swift */,
				481A52DA2697827F0031008A /* ContentView.swift */,
				481A52DC269782810031008A /* Assets.xcassets */,
				481A52DE269782810031008A /* Preview Content */,
			);
			path = FoodApp;
			sourceTree = "<group>";
		};
		481A52DE269782810031008A /* Preview Content */ = {
			isa = PBXGroup;
			children = (
				481A52DF269782810031008A /* Preview Assets.xcassets */,
			);
			path = "Preview Content";
			sourceTree = "<group>";
		};
		481A52E8269793AA0031008A /* Welcome */ = {
			isa = PBXGroup;
			children = (
				481A52FE269799940031008A /* Pages */,
				481A52ED269795FC0031008A /* WelcomeView.swift */,
			);
			path = Welcome;
			sourceTree = "<group>";
		};
		481A52E9269793BC0031008A /* FoodList */ = {
			isa = PBXGroup;
			children = (
				481A52EF269796290031008A /* FoodListView.swift */,
				481A52F1269796310031008A /* FoodListItemView.swift */,
			);
			path = FoodList;
			sourceTree = "<group>";
		};
		481A52EB269793D00031008A /* Settings */ = {
			isa = PBXGroup;
			children = (
				481A52F7269797400031008A /* Models */,
				481A52F5269796A00031008A /* SettingsView.swift */,
			);
			path = Settings;
			sourceTree = "<group>";
		};
		481A52EC269793D70031008A /* Localization */ = {
			isa = PBXGroup;
			children = (
				48E2535B269BB7BF00236221 /* Localizable.stringsdict */,
				481A5314269AB3140031008A /* Localizable.strings */,
				48E2533D269B8DEF00236221 /* Utils */,
				48E25336269B81A700236221 /* Views */,
				481A5309269AA07E0031008A /* Localized.swift */,
				48E25334269B819300236221 /* LocalizedStrings.swift */,
			);
			path = Localization;
			sourceTree = "<group>";
		};
		481A52F7269797400031008A /* Models */ = {
			isa = PBXGroup;
			children = (
				481A52F82697974E0031008A /* Settings.swift */,
			);
			path = Models;
			sourceTree = "<group>";
		};
		481A52FA2697977D0031008A /* Common */ = {
			isa = PBXGroup;
			children = (
				481A52FB2697978A0031008A /* Models */,
			);
			path = Common;
			sourceTree = "<group>";
		};
		481A52FB2697978A0031008A /* Models */ = {
			isa = PBXGroup;
			children = (
				481A52FC2697979F0031008A /* FoodItem.swift */,
				481A530326979ED10031008A /* Locales.swift */,
			);
			path = Models;
			sourceTree = "<group>";
		};
		481A52FE269799940031008A /* Pages */ = {
			isa = PBXGroup;
			children = (
				481A52FF269799B90031008A /* PurposePageView.swift */,
			);
			path = Pages;
			sourceTree = "<group>";
		};
		48E25336269B81A700236221 /* Views */ = {
			isa = PBXGroup;
			children = (
				48E25337269B81B800236221 /* SettingsView+Localization.swift */,
				48E25339269B81D000236221 /* WelcomeView+Localization.swift */,
				48E2533B269B81D900236221 /* App+Localization.swift */,
				48E25355269BB66E00236221 /* FoodItem+Localization.swift */,
			);
			path = Views;
			sourceTree = "<group>";
		};
		48E2533D269B8DEF00236221 /* Utils */ = {
			isa = PBXGroup;
			children = (
				48E2533E269B8E0100236221 /* String+LocalizedStringKey.swift */,
			);
			path = Utils;
			sourceTree = "<group>";
		};
		48E25375269BC8D200236221 /* FoodAppTests */ = {
			isa = PBXGroup;
			children = (
				48E2537D269BC93C00236221 /* TestPlan.xctestplan */,
				48E25376269BC8D200236221 /* FoodAppTests.swift */,
			);
			path = FoodAppTests;
			sourceTree = "<group>";
		};
/* End PBXGroup section */

/* Begin PBXNativeTarget section */
		481A52D42697827F0031008A /* FoodApp */ = {
			isa = PBXNativeTarget;
			buildConfigurationList = 481A52E3269782810031008A /* Build configuration list for PBXNativeTarget "FoodApp" */;
			buildPhases = (
				481A52D12697827F0031008A /* Sources */,
				481A52D22697827F0031008A /* Frameworks */,
				481A52D32697827F0031008A /* Resources */,
			);
			buildRules = (
			);
			dependencies = (
			);
			name = FoodApp;
			productName = FoodApp;
			productReference = 481A52D52697827F0031008A /* FoodApp.app */;
			productType = "com.apple.product-type.application";
		};
		48E25373269BC8D200236221 /* FoodAppTests */ = {
			isa = PBXNativeTarget;
			buildConfigurationList = 48E2537A269BC8D200236221 /* Build configuration list for PBXNativeTarget "FoodAppTests" */;
			buildPhases = (
				48E25370269BC8D200236221 /* Sources */,
				48E25371269BC8D200236221 /* Frameworks */,
				48E25372269BC8D200236221 /* Resources */,
			);
			buildRules = (
			);
			dependencies = (
				48E25379269BC8D200236221 /* PBXTargetDependency */,
			);
			name = FoodAppTests;
			productName = FoodAppTests;
			productReference = 48E25374269BC8D200236221 /* FoodAppTests.xctest */;
			productType = "com.apple.product-type.bundle.unit-test";
		};
/* End PBXNativeTarget section */

/* Begin PBXProject section */
		481A52CD2697827F0031008A /* Project object */ = {
			isa = PBXProject;
			attributes = {
				BuildIndependentTargetsInParallel = 1;
				LastSwiftUpdateCheck = 1300;
				LastUpgradeCheck = 1300;
				TargetAttributes = {
					481A52D42697827F0031008A = {
						CreatedOnToolsVersion = 13.0;
					};
					48E25373269BC8D200236221 = {
						CreatedOnToolsVersion = 13.0;
						TestTargetID = 481A52D42697827F0031008A;
					};
				};
			};
			buildConfigurationList = 481A52D02697827F0031008A /* Build configuration list for PBXProject "FoodApp" */;
			compatibilityVersion = "Xcode 13.0";
			developmentRegion = en;
			hasScannedForEncodings = 0;
			knownRegions = (
				en,
				ar,
				es,
			);
			mainGroup = 481A52CC2697827F0031008A;
			productRefGroup = 481A52D62697827F0031008A /* Products */;
			projectDirPath = "";
			projectRoot = "";
			targets = (
				481A52D42697827F0031008A /* FoodApp */,
				48E25373269BC8D200236221 /* FoodAppTests */,
			);
		};
/* End PBXProject section */

/* Begin PBXResourcesBuildPhase section */
		481A52D32697827F0031008A /* Resources */ = {
			isa = PBXResourcesBuildPhase;
			buildActionMask = 2147483647;
			files = (
				481A52E0269782810031008A /* Preview Assets.xcassets in Resources */,
				48E25359269BB7BF00236221 /* Localizable.stringsdict in Resources */,
				481A5316269AB3140031008A /* Localizable.strings in Resources */,
				481A52DD269782810031008A /* Assets.xcassets in Resources */,
			);
			runOnlyForDeploymentPostprocessing = 0;
		};
		48E25372269BC8D200236221 /* Resources */ = {
			isa = PBXResourcesBuildPhase;
			buildActionMask = 2147483647;
			files = (
			);
			runOnlyForDeploymentPostprocessing = 0;
		};
/* End PBXResourcesBuildPhase section */

/* Begin PBXSourcesBuildPhase section */
		481A52D12697827F0031008A /* Sources */ = {
			isa = PBXSourcesBuildPhase;
			buildActionMask = 2147483647;
			files = (
				481A52F6269796A00031008A /* SettingsView.swift in Sources */,
				481A52DB2697827F0031008A /* ContentView.swift in Sources */,
				481A52F92697974E0031008A /* Settings.swift in Sources */,
				48E25356269BB66E00236221 /* FoodItem+Localization.swift in Sources */,
				48E2533F269B8E0100236221 /* String+LocalizedStringKey.swift in Sources */,
				481A52F0269796290031008A /* FoodListView.swift in Sources */,
				481A52FD2697979F0031008A /* FoodItem.swift in Sources */,
				48E2533C269B81D900236221 /* App+Localization.swift in Sources */,
				48E25338269B81B800236221 /* SettingsView+Localization.swift in Sources */,
				48E2533A269B81D000236221 /* WelcomeView+Localization.swift in Sources */,
				481A5300269799B90031008A /* PurposePageView.swift in Sources */,
				481A530426979ED10031008A /* Locales.swift in Sources */,
				481A52EE269795FC0031008A /* WelcomeView.swift in Sources */,
				48E25335269B819300236221 /* LocalizedStrings.swift in Sources */,
				481A52F2269796310031008A /* FoodListItemView.swift in Sources */,
				481A530A269AA07E0031008A /* Localized.swift in Sources */,
				481A52D92697827F0031008A /* FoodApp.swift in Sources */,
			);
			runOnlyForDeploymentPostprocessing = 0;
		};
		48E25370269BC8D200236221 /* Sources */ = {
			isa = PBXSourcesBuildPhase;
			buildActionMask = 2147483647;
			files = (
				48E25377269BC8D200236221 /* FoodAppTests.swift in Sources */,
			);
			runOnlyForDeploymentPostprocessing = 0;
		};
/* End PBXSourcesBuildPhase section */

/* Begin PBXTargetDependency section */
		48E25379269BC8D200236221 /* PBXTargetDependency */ = {
			isa = PBXTargetDependency;
			target = 481A52D42697827F0031008A /* FoodApp */;
			targetProxy = 48E25378269BC8D200236221 /* PBXContainerItemProxy */;
		};
/* End PBXTargetDependency section */

/* Begin PBXVariantGroup section */
		481A5314269AB3140031008A /* Localizable.strings */ = {
			isa = PBXVariantGroup;
			children = (
				481A5315269AB3140031008A /* es */,
				481A5317269AB3330031008A /* ar */,
				481A5319269AB3C50031008A /* en */,
			);
			name = Localizable.strings;
			sourceTree = "<group>";
		};
		48E2535B269BB7BF00236221 /* Localizable.stringsdict */ = {
			isa = PBXVariantGroup;
			children = (
				48E2535A269BB7BF00236221 /* en */,
				48E2535C269BB7C300236221 /* ar */,
				48E2535D269BB7C400236221 /* es */,
			);
			name = Localizable.stringsdict;
			sourceTree = "<group>";
		};
/* End PBXVariantGroup section */

/* Begin XCBuildConfiguration section */
		481A52E1269782810031008A /* Debug */ = {
			isa = XCBuildConfiguration;
			buildSettings = {
				ALWAYS_SEARCH_USER_PATHS = NO;
				CLANG_ANALYZER_NONNULL = YES;
				CLANG_ANALYZER_NUMBER_OBJECT_CONVERSION = YES_AGGRESSIVE;
				CLANG_CXX_LANGUAGE_STANDARD = "gnu++14";
				CLANG_CXX_LIBRARY = "libc++";
				CLANG_ENABLE_MODULES = YES;
				CLANG_ENABLE_OBJC_ARC = YES;
				CLANG_ENABLE_OBJC_WEAK = YES;
				CLANG_WARN_BLOCK_CAPTURE_AUTORELEASING = YES;
				CLANG_WARN_BOOL_CONVERSION = YES;
				CLANG_WARN_COMMA = YES;
				CLANG_WARN_CONSTANT_CONVERSION = YES;
				CLANG_WARN_DEPRECATED_OBJC_IMPLEMENTATIONS = YES;
				CLANG_WARN_DIRECT_OBJC_ISA_USAGE = YES_ERROR;
				CLANG_WARN_DOCUMENTATION_COMMENTS = YES;
				CLANG_WARN_EMPTY_BODY = YES;
				CLANG_WARN_ENUM_CONVERSION = YES;
				CLANG_WARN_INFINITE_RECURSION = YES;
				CLANG_WARN_INT_CONVERSION = YES;
				CLANG_WARN_NON_LITERAL_NULL_CONVERSION = YES;
				CLANG_WARN_OBJC_IMPLICIT_RETAIN_SELF = YES;
				CLANG_WARN_OBJC_LITERAL_CONVERSION = YES;
				CLANG_WARN_OBJC_ROOT_CLASS = YES_ERROR;
				CLANG_WARN_QUOTED_INCLUDE_IN_FRAMEWORK_HEADER = YES;
				CLANG_WARN_RANGE_LOOP_ANALYSIS = YES;
				CLANG_WARN_STRICT_PROTOTYPES = YES;
				CLANG_WARN_SUSPICIOUS_MOVE = YES;
				CLANG_WARN_UNGUARDED_AVAILABILITY = YES_AGGRESSIVE;
				CLANG_WARN_UNREACHABLE_CODE = YES;
				CLANG_WARN__DUPLICATE_METHOD_MATCH = YES;
				COPY_PHASE_STRIP = NO;
				DEBUG_INFORMATION_FORMAT = dwarf;
				ENABLE_STRICT_OBJC_MSGSEND = YES;
				ENABLE_TESTABILITY = YES;
				GCC_C_LANGUAGE_STANDARD = gnu11;
				GCC_DYNAMIC_NO_PIC = NO;
				GCC_NO_COMMON_BLOCKS = YES;
				GCC_OPTIMIZATION_LEVEL = 0;
				GCC_PREPROCESSOR_DEFINITIONS = (
					"DEBUG=1",
					"$(inherited)",
				);
				GCC_WARN_64_TO_32_BIT_CONVERSION = YES;
				GCC_WARN_ABOUT_RETURN_TYPE = YES_ERROR;
				GCC_WARN_UNDECLARED_SELECTOR = YES;
				GCC_WARN_UNINITIALIZED_AUTOS = YES_AGGRESSIVE;
				GCC_WARN_UNUSED_FUNCTION = YES;
				GCC_WARN_UNUSED_VARIABLE = YES;
				IPHONEOS_DEPLOYMENT_TARGET = 15.0;
				MTL_ENABLE_DEBUG_INFO = INCLUDE_SOURCE;
				MTL_FAST_MATH = YES;
				ONLY_ACTIVE_ARCH = YES;
				SDKROOT = iphoneos;
				SWIFT_ACTIVE_COMPILATION_CONDITIONS = DEBUG;
				SWIFT_OPTIMIZATION_LEVEL = "-Onone";
			};
			name = Debug;
		};
		481A52E2269782810031008A /* Release */ = {
			isa = XCBuildConfiguration;
			buildSettings = {
				ALWAYS_SEARCH_USER_PATHS = NO;
				CLANG_ANALYZER_NONNULL = YES;
				CLANG_ANALYZER_NUMBER_OBJECT_CONVERSION = YES_AGGRESSIVE;
				CLANG_CXX_LANGUAGE_STANDARD = "gnu++14";
				CLANG_CXX_LIBRARY = "libc++";
				CLANG_ENABLE_MODULES = YES;
				CLANG_ENABLE_OBJC_ARC = YES;
				CLANG_ENABLE_OBJC_WEAK = YES;
				CLANG_WARN_BLOCK_CAPTURE_AUTORELEASING = YES;
				CLANG_WARN_BOOL_CONVERSION = YES;
				CLANG_WARN_COMMA = YES;
				CLANG_WARN_CONSTANT_CONVERSION = YES;
				CLANG_WARN_DEPRECATED_OBJC_IMPLEMENTATIONS = YES;
				CLANG_WARN_DIRECT_OBJC_ISA_USAGE = YES_ERROR;
				CLANG_WARN_DOCUMENTATION_COMMENTS = YES;
				CLANG_WARN_EMPTY_BODY = YES;
				CLANG_WARN_ENUM_CONVERSION = YES;
				CLANG_WARN_INFINITE_RECURSION = YES;
				CLANG_WARN_INT_CONVERSION = YES;
				CLANG_WARN_NON_LITERAL_NULL_CONVERSION = YES;
				CLANG_WARN_OBJC_IMPLICIT_RETAIN_SELF = YES;
				CLANG_WARN_OBJC_LITERAL_CONVERSION = YES;
				CLANG_WARN_OBJC_ROOT_CLASS = YES_ERROR;
				CLANG_WARN_QUOTED_INCLUDE_IN_FRAMEWORK_HEADER = YES;
				CLANG_WARN_RANGE_LOOP_ANALYSIS = YES;
				CLANG_WARN_STRICT_PROTOTYPES = YES;
				CLANG_WARN_SUSPICIOUS_MOVE = YES;
				CLANG_WARN_UNGUARDED_AVAILABILITY = YES_AGGRESSIVE;
				CLANG_WARN_UNREACHABLE_CODE = YES;
				CLANG_WARN__DUPLICATE_METHOD_MATCH = YES;
				COPY_PHASE_STRIP = NO;
				DEBUG_INFORMATION_FORMAT = "dwarf-with-dsym";
				ENABLE_NS_ASSERTIONS = NO;
				ENABLE_STRICT_OBJC_MSGSEND = YES;
				GCC_C_LANGUAGE_STANDARD = gnu11;
				GCC_NO_COMMON_BLOCKS = YES;
				GCC_WARN_64_TO_32_BIT_CONVERSION = YES;
				GCC_WARN_ABOUT_RETURN_TYPE = YES_ERROR;
				GCC_WARN_UNDECLARED_SELECTOR = YES;
				GCC_WARN_UNINITIALIZED_AUTOS = YES_AGGRESSIVE;
				GCC_WARN_UNUSED_FUNCTION = YES;
				GCC_WARN_UNUSED_VARIABLE = YES;
				IPHONEOS_DEPLOYMENT_TARGET = 15.0;
				MTL_ENABLE_DEBUG_INFO = NO;
				MTL_FAST_MATH = YES;
				SDKROOT = iphoneos;
				SWIFT_COMPILATION_MODE = wholemodule;
				SWIFT_OPTIMIZATION_LEVEL = "-O";
				VALIDATE_PRODUCT = YES;
			};
			name = Release;
		};
		481A52E4269782810031008A /* Debug */ = {
			isa = XCBuildConfiguration;
			buildSettings = {
				ASSETCATALOG_COMPILER_APPICON_NAME = AppIcon;
				ASSETCATALOG_COMPILER_GLOBAL_ACCENT_COLOR_NAME = AccentColor;
				CODE_SIGN_STYLE = Manual;
				CURRENT_PROJECT_VERSION = 1;
				DEVELOPMENT_ASSET_PATHS = "\"FoodApp/Preview Content\"";
				DEVELOPMENT_TEAM = "";
				ENABLE_PREVIEWS = YES;
				GENERATE_INFOPLIST_FILE = YES;
				INFOPLIST_FILE = FoodApp/Info.plist;
				INFOPLIST_KEY_CFBundleExecutable = FoodApp;
				INFOPLIST_KEY_CFBundleName = FoodApp;
				INFOPLIST_KEY_CFBundleVersion = 1;
				INFOPLIST_KEY_UIApplicationSceneManifest_Generation = YES;
				INFOPLIST_KEY_UIApplicationSupportsIndirectInputEvents = YES;
				INFOPLIST_KEY_UILaunchScreen_Generation = YES;
				INFOPLIST_KEY_UISupportedInterfaceOrientations = UIInterfaceOrientationPortrait;
				INFOPLIST_KEY_UISupportedInterfaceOrientations_iPad = "UIInterfaceOrientationPortrait UIInterfaceOrientationPortraitUpsideDown UIInterfaceOrientationLandscapeLeft UIInterfaceOrientationLandscapeRight";
				INFOPLIST_KEY_UISupportedInterfaceOrientations_iPhone = "UIInterfaceOrientationPortrait UIInterfaceOrientationLandscapeLeft UIInterfaceOrientationLandscapeRight";
				IPHONEOS_DEPLOYMENT_TARGET = 15.0;
				LD_RUNPATH_SEARCH_PATHS = (
					"$(inherited)",
					"@executable_path/Frameworks",
				);
				MARKETING_VERSION = 1.0;
				PRODUCT_BUNDLE_IDENTIFIER = com.dylansvm.localization.FoodApp;
				PRODUCT_NAME = "$(TARGET_NAME)";
				PROVISIONING_PROFILE_SPECIFIER = "";
				SWIFT_EMIT_LOC_STRINGS = YES;
				SWIFT_VERSION = 5.0;
				TARGETED_DEVICE_FAMILY = 1;
			};
			name = Debug;
		};
		481A52E5269782810031008A /* Release */ = {
			isa = XCBuildConfiguration;
			buildSettings = {
				ASSETCATALOG_COMPILER_APPICON_NAME = AppIcon;
				ASSETCATALOG_COMPILER_GLOBAL_ACCENT_COLOR_NAME = AccentColor;
				CODE_SIGN_STYLE = Manual;
				CURRENT_PROJECT_VERSION = 1;
				DEVELOPMENT_ASSET_PATHS = "\"FoodApp/Preview Content\"";
				DEVELOPMENT_TEAM = "";
				ENABLE_PREVIEWS = YES;
				GENERATE_INFOPLIST_FILE = YES;
				INFOPLIST_FILE = FoodApp/Info.plist;
				INFOPLIST_KEY_CFBundleExecutable = FoodApp;
				INFOPLIST_KEY_CFBundleName = FoodApp;
				INFOPLIST_KEY_CFBundleVersion = 1;
				INFOPLIST_KEY_UIApplicationSceneManifest_Generation = YES;
				INFOPLIST_KEY_UIApplicationSupportsIndirectInputEvents = YES;
				INFOPLIST_KEY_UILaunchScreen_Generation = YES;
				INFOPLIST_KEY_UISupportedInterfaceOrientations = UIInterfaceOrientationPortrait;
				INFOPLIST_KEY_UISupportedInterfaceOrientations_iPad = "UIInterfaceOrientationPortrait UIInterfaceOrientationPortraitUpsideDown UIInterfaceOrientationLandscapeLeft UIInterfaceOrientationLandscapeRight";
				INFOPLIST_KEY_UISupportedInterfaceOrientations_iPhone = "UIInterfaceOrientationPortrait UIInterfaceOrientationLandscapeLeft UIInterfaceOrientationLandscapeRight";
				IPHONEOS_DEPLOYMENT_TARGET = 15.0;
				LD_RUNPATH_SEARCH_PATHS = (
					"$(inherited)",
					"@executable_path/Frameworks",
				);
				MARKETING_VERSION = 1.0;
				PRODUCT_BUNDLE_IDENTIFIER = com.dylansvm.localization.FoodApp;
				PRODUCT_NAME = "$(TARGET_NAME)";
				PROVISIONING_PROFILE_SPECIFIER = "";
				SWIFT_EMIT_LOC_STRINGS = YES;
				SWIFT_VERSION = 5.0;
				TARGETED_DEVICE_FAMILY = 1;
			};
			name = Release;
		};
		48E2537B269BC8D200236221 /* Debug */ = {
			isa = XCBuildConfiguration;
			buildSettings = {
				BUNDLE_LOADER = "$(TEST_HOST)";
				CODE_SIGN_STYLE = Automatic;
				CURRENT_PROJECT_VERSION = 1;
				DEVELOPMENT_TEAM = 66H7PAJH7N;
				GENERATE_INFOPLIST_FILE = YES;
				LD_RUNPATH_SEARCH_PATHS = (
					"$(inherited)",
					"@executable_path/Frameworks",
					"@loader_path/Frameworks",
				);
				MARKETING_VERSION = 1.0;
				PRODUCT_BUNDLE_IDENTIFIER = com.dylansvm.localization.FoodAppTests;
				PRODUCT_NAME = "$(TARGET_NAME)";
				SWIFT_EMIT_LOC_STRINGS = NO;
				SWIFT_VERSION = 5.0;
				TARGETED_DEVICE_FAMILY = "1,2";
				TEST_HOST = "$(BUILT_PRODUCTS_DIR)/FoodApp.app/FoodApp";
			};
			name = Debug;
		};
		48E2537C269BC8D200236221 /* Release */ = {
			isa = XCBuildConfiguration;
			buildSettings = {
				BUNDLE_LOADER = "$(TEST_HOST)";
				CODE_SIGN_STYLE = Automatic;
				CURRENT_PROJECT_VERSION = 1;
				DEVELOPMENT_TEAM = 66H7PAJH7N;
				GENERATE_INFOPLIST_FILE = YES;
				LD_RUNPATH_SEARCH_PATHS = (
					"$(inherited)",
					"@executable_path/Frameworks",
					"@loader_path/Frameworks",
				);
				MARKETING_VERSION = 1.0;
				PRODUCT_BUNDLE_IDENTIFIER = com.dylansvm.localization.FoodAppTests;
				PRODUCT_NAME = "$(TARGET_NAME)";
				SWIFT_EMIT_LOC_STRINGS = NO;
				SWIFT_VERSION = 5.0;
				TARGETED_DEVICE_FAMILY = "1,2";
				TEST_HOST = "$(BUILT_PRODUCTS_DIR)/FoodApp.app/FoodApp";
			};
			name = Release;
		};
/* End XCBuildConfiguration section */

/* Begin XCConfigurationList section */
		481A52D02697827F0031008A /* Build configuration list for PBXProject "FoodApp" */ = {
			isa = XCConfigurationList;
			buildConfigurations = (
				481A52E1269782810031008A /* Debug */,
				481A52E2269782810031008A /* Release */,
			);
			defaultConfigurationIsVisible = 0;
			defaultConfigurationName = Release;
		};
		481A52E3269782810031008A /* Build configuration list for PBXNativeTarget "FoodApp" */ = {
			isa = XCConfigurationList;
			buildConfigurations = (
				481A52E4269782810031008A /* Debug */,
				481A52E5269782810031008A /* Release */,
			);
			defaultConfigurationIsVisible = 0;
			defaultConfigurationName = Release;
		};
		48E2537A269BC8D200236221 /* Build configuration list for PBXNativeTarget "FoodAppTests" */ = {
			isa = XCConfigurationList;
			buildConfigurations = (
				48E2537B269BC8D200236221 /* Debug */,
				48E2537C269BC8D200236221 /* Release */,
			);
			defaultConfigurationIsVisible = 0;
			defaultConfigurationName = Release;
		};
/* End XCConfigurationList section */
	};
	rootObject = 481A52CD2697827F0031008A /* Project object */;
}
